
Microsoft Visual Studio Solution File, Format Version 11.00
# Visual Studio 2010
Project("{FAE04EC0-301F-11D3-BF4B-00C04F79EFBC}") = "Assembly-CSharp", "Assembly-CSharp.csproj", "{DEEE214E-209C-E879-17D6-6198DF6BBF71}"
EndProject
Project("{FAE04EC0-301F-11D3-BF4B-00C04F79EFBC}") = "SteamVR", "SteamVR.csproj", "{B36C7DC4-FA15-5489-8F94-C12246E9039C}"
EndProject
Project("{FAE04EC0-301F-11D3-BF4B-00C04F79EFBC}") = "SteamVR_Actions", "SteamVR_Actions.csproj", "{58802378-18A5-1E1A-C674-47E9771C3AB0}"
EndProject
Project("{FAE04EC0-301F-11D3-BF4B-00C04F79EFBC}") = "Assembly-CSharp-Editor", "Assembly-CSharp-Editor.csproj", "{A570E07D-4048-331C-AAC4-93A87EEE44F8}"
EndProject
Project("{FAE04EC0-301F-11D3-BF4B-00C04F79EFBC}") = "SteamVR_Editor", "SteamVR_Editor.csproj", "{5C19579A-6AD4-89B8-5A03-6F485F17F940}"
EndProject
Project("{FAE04EC0-301F-11D3-BF4B-00C04F79EFBC}") = "SteamVR_Input_Editor", "SteamVR_Input_Editor.csproj", "{AE39CC8B-B46A-726A-8676-171B15F0E1CE}"
EndProject
Project("{FAE04EC0-301F-11D3-BF4B-00C04F79EFBC}") = "SteamVR_Windows_EditorHelper", "SteamVR_Windows_EditorHelper.csproj", "{13F38FA0-3A62-E9F2-0116-F9182864810A}"
EndProject
Global
	GlobalSection(SolutionConfigurationPlatforms) = preSolution
		Debug|Any CPU = Debug|Any CPU
		Release|Any CPU = Release|Any CPU
	EndGlobalSection
	GlobalSection(ProjectConfigurationPlatforms) = postSolution
		{DEEE214E-209C-E879-17D6-6198DF6BBF71}.Debug|Any CPU.ActiveCfg = Debug|Any CPU
		{DEEE214E-209C-E879-17D6-6198DF6BBF71}.Debug|Any CPU.Build.0 = Debug|Any CPU
		{DEEE214E-209C-E879-17D6-6198DF6BBF71}.Release|Any CPU.ActiveCfg = Release|Any CPU
		{DEEE214E-209C-E879-17D6-6198DF6BBF71}.Release|Any CPU.Build.0 = Release|Any CPU
		{B36C7DC4-FA15-5489-8F94-C12246E9039C}.Debug|Any CPU.ActiveCfg = Debug|Any CPU
		{B36C7DC4-FA15-5489-8F94-C12246E9039C}.Debug|Any CPU.Build.0 = Debug|Any CPU
		{B36C7DC4-FA15-5489-8F94-C12246E9039C}.Release|Any CPU.ActiveCfg = Release|Any CPU
		{B36C7DC4-FA15-5489-8F94-C12246E9039C}.Release|Any CPU.Build.0 = Release|Any CPU
		{58802378-18A5-1E1A-C674-47E9771C3AB0}.Debug|Any CPU.ActiveCfg = Debug|Any CPU
		{58802378-18A5-1E1A-C674-47E9771C3AB0}.Debug|Any CPU.Build.0 = Debug|Any CPU
		{58802378-18A5-1E1A-C674-47E9771C3AB0}.Release|Any CPU.ActiveCfg = Release|Any CPU
		{58802378-18A5-1E1A-C674-47E9771C3AB0}.Release|Any CPU.Build.0 = Release|Any CPU
		{A570E07D-4048-331C-AAC4-93A87EEE44F8}.Debug|Any CPU.ActiveCfg = Debug|Any CPU
		{A570E07D-4048-331C-AAC4-93A87EEE44F8}.Debug|Any CPU.Build.0 = Debug|Any CPU
		{A570E07D-4048-331C-AAC4-93A87EEE44F8}.Release|Any CPU.ActiveCfg = Release|Any CPU
		{A570E07D-4048-331C-AAC4-93A87EEE44F8}.Release|Any CPU.Build.0 = Release|Any CPU
		{5C19579A-6AD4-89B8-5A03-6F485F17F940}.Debug|Any CPU.ActiveCfg = Debug|Any CPU
		{5C19579A-6AD4-89B8-5A03-6F485F17F940}.Debug|Any CPU.Build.0 = Debug|Any CPU
		{5C19579A-6AD4-89B8-5A03-6F485F17F940}.Release|Any CPU.ActiveCfg = Release|Any CPU
		{5C19579A-6AD4-89B8-5A03-6F485F17F940}.Release|Any CPU.Build.0 = Release|Any CPU
		{AE39CC8B-B46A-726A-8676-171B15F0E1CE}.Debug|Any CPU.ActiveCfg = Debug|Any CPU
		{AE39CC8B-B46A-726A-8676-171B15F0E1CE}.Debug|Any CPU.Build.0 = Debug|Any CPU
		{AE39CC8B-B46A-726A-8676-171B15F0E1CE}.Release|Any CPU.ActiveCfg = Release|Any CPU
		{AE39CC8B-B46A-726A-8676-171B15F0E1CE}.Release|Any CPU.Build.0 = Release|Any CPU
		{13F38FA0-3A62-E9F2-0116-F9182864810A}.Debug|Any CPU.ActiveCfg = Debug|Any CPU
		{13F38FA0-3A62-E9F2-0116-F9182864810A}.Debug|Any CPU.Build.0 = Debug|Any CPU
		{13F38FA0-3A62-E9F2-0116-F9182864810A}.Release|Any CPU.ActiveCfg = Release|Any CPU
		{13F38FA0-3A62-E9F2-0116-F9182864810A}.Release|Any CPU.Build.0 = Release|Any CPU
	EndGlobalSection
	GlobalSection(SolutionProperties) = preSolution
		HideSolutionNode = FALSE
	EndGlobalSection
EndGlobal
